
Microsoft Visual Studio Solution File, Format Version 12.00
# Visual Studio Version 16
VisualStudioVersion = 16.0.30709.132
MinimumVisualStudioVersion = 10.0.40219.1
Project("{2150E333-8FDC-42A3-9474-1A3956D46DE8}") = "Solution Items", "Solution Items", "{6011DE45-BCAE-48CB-A35C-59799D8C1389}"
	ProjectSection(SolutionItems) = preProject
		.editorconfig = .editorconfig
		Directory.Build.props = Directory.Build.props
	EndProjectSection
EndProject
Project("{2150E333-8FDC-42A3-9474-1A3956D46DE8}") = "src", "src", "{F0E555A2-1D44-447B-8B1D-74A712F8AE30}"
EndProject
Project("{2150E333-8FDC-42A3-9474-1A3956D46DE8}") = "tests", "tests", "{B74AEBD3-387E-4C37-BB45-F57C39F5BEC8}"
EndProject
Project("{2150E333-8FDC-42A3-9474-1A3956D46DE8}") = "samples", "samples", "{F394CC14-D6EE-4AA6-BAE0-0E2C79CEAA90}"
EndProject
Project("{9A19103F-16F7-4668-BE54-9A1E7A4F7556}") = "Ethereal.EFCore", "src\Ethereal.EFCore\Ethereal.EFCore.csproj", "{E0E47EBF-8497-44C5-A9EA-9C123C5A3420}"
EndProject
Project("{9A19103F-16F7-4668-BE54-9A1E7A4F7556}") = "Ethereal", "src\Ethereal\Ethereal.csproj", "{32B35B1A-E003-47F5-BEDC-F8D76450A45E}"
EndProject
Project("{9A19103F-16F7-4668-BE54-9A1E7A4F7556}") = "Ethereal.AspNetCore", "src\Ethereal.AspNetCore\Ethereal.AspNetCore.csproj", "{8ADF36DB-4419-43A1-B65A-1F2AB991A9BA}"
EndProject
Project("{9A19103F-16F7-4668-BE54-9A1E7A4F7556}") = "Ethereal.EFCore.Tests", "tests\Ethereal.EFCore.Tests\Ethereal.EFCore.Tests.csproj", "{EA5A5D0E-B3B1-4D7E-911D-22BDA492D5A2}"
EndProject
Project("{9A19103F-16F7-4668-BE54-9A1E7A4F7556}") = "Ethereal.NETCore.Tests", "tests\Ethereal.NETCore.Tests\Ethereal.NETCore.Tests.csproj", "{3BE088FF-A24C-4091-9F05-EEAE6FC8B26C}"
EndProject
Project("{9A19103F-16F7-4668-BE54-9A1E7A4F7556}") = "Ethereal.AspNetCore.Tests", "tests\Ethereal.AspNetCore.Tests\Ethereal.AspNetCore.Tests.csproj", "{160718B7-128E-4986-9D41-0CF43E95D5A5}"
EndProject
Project("{9A19103F-16F7-4668-BE54-9A1E7A4F7556}") = "Ethereal.AspNetCore.Extensions", "src\Ethereal.AspNetCore.Extensions\Ethereal.AspNetCore.Extensions.csproj", "{36D34A48-A5D9-4933-88D3-BFE4E26F9AB4}"
EndProject
Project("{9A19103F-16F7-4668-BE54-9A1E7A4F7556}") = "Ethereal.App", "samples\Ethereal.App\Ethereal.App.csproj", "{60B565E4-85A8-4B72-B04B-CE6980D89886}"
EndProject
Project("{9A19103F-16F7-4668-BE54-9A1E7A4F7556}") = "Ethereal.Snowflake", "src\Ethereal.Snowflake\Ethereal.Snowflake.csproj", "{ED8B5B7B-440A-45B1-A1DF-5D6C902038DB}"
EndProject
Project("{9A19103F-16F7-4668-BE54-9A1E7A4F7556}") = "Ethereal.Snowflake.Tests", "tests\Ethereal.Snowflake.Tests\Ethereal.Snowflake.Tests.csproj", "{B7BAE44C-2D46-40DD-A286-F8F75F41C20B}"
EndProject
Global
	GlobalSection(SolutionConfigurationPlatforms) = preSolution
		Debug|Any CPU = Debug|Any CPU
		Release|Any CPU = Release|Any CPU
	EndGlobalSection
	GlobalSection(ProjectConfigurationPlatforms) = postSolution
		{E0E47EBF-8497-44C5-A9EA-9C123C5A3420}.Debug|Any CPU.ActiveCfg = Debug|Any CPU
		{E0E47EBF-8497-44C5-A9EA-9C123C5A3420}.Debug|Any CPU.Build.0 = Debug|Any CPU
		{E0E47EBF-8497-44C5-A9EA-9C123C5A3420}.Release|Any CPU.ActiveCfg = Release|Any CPU
		{E0E47EBF-8497-44C5-A9EA-9C123C5A3420}.Release|Any CPU.Build.0 = Release|Any CPU
		{32B35B1A-E003-47F5-BEDC-F8D76450A45E}.Debug|Any CPU.ActiveCfg = Debug|Any CPU
		{32B35B1A-E003-47F5-BEDC-F8D76450A45E}.Debug|Any CPU.Build.0 = Debug|Any CPU
		{32B35B1A-E003-47F5-BEDC-F8D76450A45E}.Release|Any CPU.ActiveCfg = Release|Any CPU
		{32B35B1A-E003-47F5-BEDC-F8D76450A45E}.Release|Any CPU.Build.0 = Release|Any CPU
		{8ADF36DB-4419-43A1-B65A-1F2AB991A9BA}.Debug|Any CPU.ActiveCfg = Debug|Any CPU
		{8ADF36DB-4419-43A1-B65A-1F2AB991A9BA}.Debug|Any CPU.Build.0 = Debug|Any CPU
		{8ADF36DB-4419-43A1-B65A-1F2AB991A9BA}.Release|Any CPU.ActiveCfg = Release|Any CPU
		{8ADF36DB-4419-43A1-B65A-1F2AB991A9BA}.Release|Any CPU.Build.0 = Release|Any CPU
		{EA5A5D0E-B3B1-4D7E-911D-22BDA492D5A2}.Debug|Any CPU.ActiveCfg = Debug|Any CPU
		{EA5A5D0E-B3B1-4D7E-911D-22BDA492D5A2}.Debug|Any CPU.Build.0 = Debug|Any CPU
		{EA5A5D0E-B3B1-4D7E-911D-22BDA492D5A2}.Release|Any CPU.ActiveCfg = Release|Any CPU
		{EA5A5D0E-B3B1-4D7E-911D-22BDA492D5A2}.Release|Any CPU.Build.0 = Release|Any CPU
		{3BE088FF-A24C-4091-9F05-EEAE6FC8B26C}.Debug|Any CPU.ActiveCfg = Debug|Any CPU
		{3BE088FF-A24C-4091-9F05-EEAE6FC8B26C}.Debug|Any CPU.Build.0 = Debug|Any CPU
		{3BE088FF-A24C-4091-9F05-EEAE6FC8B26C}.Release|Any CPU.ActiveCfg = Release|Any CPU
		{3BE088FF-A24C-4091-9F05-EEAE6FC8B26C}.Release|Any CPU.Build.0 = Release|Any CPU
		{160718B7-128E-4986-9D41-0CF43E95D5A5}.Debug|Any CPU.ActiveCfg = Debug|Any CPU
		{160718B7-128E-4986-9D41-0CF43E95D5A5}.Debug|Any CPU.Build.0 = Debug|Any CPU
		{160718B7-128E-4986-9D41-0CF43E95D5A5}.Release|Any CPU.ActiveCfg = Release|Any CPU
		{160718B7-128E-4986-9D41-0CF43E95D5A5}.Release|Any CPU.Build.0 = Release|Any CPU
		{36D34A48-A5D9-4933-88D3-BFE4E26F9AB4}.Debug|Any CPU.ActiveCfg = Debug|Any CPU
		{36D34A48-A5D9-4933-88D3-BFE4E26F9AB4}.Debug|Any CPU.Build.0 = Debug|Any CPU
		{36D34A48-A5D9-4933-88D3-BFE4E26F9AB4}.Release|Any CPU.ActiveCfg = Release|Any CPU
		{36D34A48-A5D9-4933-88D3-BFE4E26F9AB4}.Release|Any CPU.Build.0 = Release|Any CPU
		{60B565E4-85A8-4B72-B04B-CE6980D89886}.Debug|Any CPU.ActiveCfg = Debug|Any CPU
		{60B565E4-85A8-4B72-B04B-CE6980D89886}.Debug|Any CPU.Build.0 = Debug|Any CPU
		{60B565E4-85A8-4B72-B04B-CE6980D89886}.Release|Any CPU.ActiveCfg = Release|Any CPU
		{60B565E4-85A8-4B72-B04B-CE6980D89886}.Release|Any CPU.Build.0 = Release|Any CPU
		{ED8B5B7B-440A-45B1-A1DF-5D6C902038DB}.Debug|Any CPU.ActiveCfg = Debug|Any CPU
		{ED8B5B7B-440A-45B1-A1DF-5D6C902038DB}.Debug|Any CPU.Build.0 = Debug|Any CPU
		{ED8B5B7B-440A-45B1-A1DF-5D6C902038DB}.Release|Any CPU.ActiveCfg = Release|Any CPU
		{ED8B5B7B-440A-45B1-A1DF-5D6C902038DB}.Release|Any CPU.Build.0 = Release|Any CPU
		{B7BAE44C-2D46-40DD-A286-F8F75F41C20B}.Debug|Any CPU.ActiveCfg = Debug|Any CPU
		{B7BAE44C-2D46-40DD-A286-F8F75F41C20B}.Debug|Any CPU.Build.0 = Debug|Any CPU
		{B7BAE44C-2D46-40DD-A286-F8F75F41C20B}.Release|Any CPU.ActiveCfg = Release|Any CPU
		{B7BAE44C-2D46-40DD-A286-F8F75F41C20B}.Release|Any CPU.Build.0 = Release|Any CPU
	EndGlobalSection
	GlobalSection(SolutionProperties) = preSolution
		HideSolutionNode = FALSE
	EndGlobalSection
	GlobalSection(NestedProjects) = preSolution
		{E0E47EBF-8497-44C5-A9EA-9C123C5A3420} = {F0E555A2-1D44-447B-8B1D-74A712F8AE30}
		{32B35B1A-E003-47F5-BEDC-F8D76450A45E} = {F0E555A2-1D44-447B-8B1D-74A712F8AE30}
		{8ADF36DB-4419-43A1-B65A-1F2AB991A9BA} = {F0E555A2-1D44-447B-8B1D-74A712F8AE30}
		{EA5A5D0E-B3B1-4D7E-911D-22BDA492D5A2} = {B74AEBD3-387E-4C37-BB45-F57C39F5BEC8}
		{3BE088FF-A24C-4091-9F05-EEAE6FC8B26C} = {B74AEBD3-387E-4C37-BB45-F57C39F5BEC8}
		{160718B7-128E-4986-9D41-0CF43E95D5A5} = {B74AEBD3-387E-4C37-BB45-F57C39F5BEC8}
		{36D34A48-A5D9-4933-88D3-BFE4E26F9AB4} = {F0E555A2-1D44-447B-8B1D-74A712F8AE30}
		{60B565E4-85A8-4B72-B04B-CE6980D89886} = {F394CC14-D6EE-4AA6-BAE0-0E2C79CEAA90}
		{ED8B5B7B-440A-45B1-A1DF-5D6C902038DB} = {F0E555A2-1D44-447B-8B1D-74A712F8AE30}
		{B7BAE44C-2D46-40DD-A286-F8F75F41C20B} = {B74AEBD3-387E-4C37-BB45-F57C39F5BEC8}
	EndGlobalSection
	GlobalSection(ExtensibilityGlobals) = postSolution
		SolutionGuid = {BE95F5D9-B028-4A3D-B851-F2D5D4CD860E}
	EndGlobalSection
EndGlobal
